
Microsoft Visual Studio Solution File, Format Version 12.00
# Visual Studio Version 16
VisualStudioVersion = 16.0.30804.86
MinimumVisualStudioVersion = 10.0.40219.1
Project("{FAE04EC0-301F-11D3-BF4B-00C04F79EFBC}") = "FamilyStructure_2", "FamilyStructure_2.csproj", "{56BB7338-7879-44ED-8270-AF67560EDD03}"
EndProject
Global
	GlobalSection(SolutionConfigurationPlatforms) = preSolution
		Debug|Any CPU = Debug|Any CPU
		Release|Any CPU = Release|Any CPU
	EndGlobalSection
	GlobalSection(ProjectConfigurationPlatforms) = postSolution
		{56BB7338-7879-44ED-8270-AF67560EDD03}.Debug|Any CPU.ActiveCfg = Debug|Any CPU
		{56BB7338-7879-44ED-8270-AF67560EDD03}.Debug|Any CPU.Build.0 = Debug|Any CPU
		{56BB7338-7879-44ED-8270-AF67560EDD03}.Release|Any CPU.ActiveCfg = Release|Any CPU
		{56BB7338-7879-44ED-8270-AF67560EDD03}.Release|Any CPU.Build.0 = Release|Any CPU
	EndGlobalSection
	GlobalSection(SolutionProperties) = preSolution
		HideSolutionNode = FALSE
	EndGlobalSection
	GlobalSection(ExtensibilityGlobals) = postSolution
		SolutionGuid = {F77D0889-CEC4-42AF-9C2D-62CDD6A3BCF9}
	EndGlobalSection
EndGlobal
